// !$*UTF8*$!
{
	archiveVersion = 1;
	classes = {
	};
	objectVersion = 50;
	objects = {

/* Begin PBXBuildFile section */
		034614AC25FBAC3E00CAD931 /* empathyAppApp.swift in Sources */ = {isa = PBXBuildFile; fileRef = 034614AB25FBAC3E00CAD931 /* empathyAppApp.swift */; };
		034614AE25FBAC3E00CAD931 /* ContentView.swift in Sources */ = {isa = PBXBuildFile; fileRef = 034614AD25FBAC3E00CAD931 /* ContentView.swift */; };
		034614B025FBAC4200CAD931 /* Assets.xcassets in Resources */ = {isa = PBXBuildFile; fileRef = 034614AF25FBAC4200CAD931 /* Assets.xcassets */; };
		034614B325FBAC4200CAD931 /* Preview Assets.xcassets in Resources */ = {isa = PBXBuildFile; fileRef = 034614B225FBAC4200CAD931 /* Preview Assets.xcassets */; };
		034614BE25FBAC4300CAD931 /* empathyAppTests.swift in Sources */ = {isa = PBXBuildFile; fileRef = 034614BD25FBAC4300CAD931 /* empathyAppTests.swift */; };
		034614C925FBAC4300CAD931 /* empathyAppUITests.swift in Sources */ = {isa = PBXBuildFile; fileRef = 034614C825FBAC4300CAD931 /* empathyAppUITests.swift */; };
		034614DA25FBAC5800CAD931 /* interviewView.swift in Sources */ = {isa = PBXBuildFile; fileRef = 034614D925FBAC5800CAD931 /* interviewView.swift */; };
		034614DF25FBAC8B00CAD931 /* matthewView.swift in Sources */ = {isa = PBXBuildFile; fileRef = 034614DE25FBAC8B00CAD931 /* matthewView.swift */; };
		034614E425FBACA300CAD931 /* georgiaView.swift in Sources */ = {isa = PBXBuildFile; fileRef = 034614E325FBACA300CAD931 /* georgiaView.swift */; };
		034614E925FBACBC00CAD931 /* marionView.swift in Sources */ = {isa = PBXBuildFile; fileRef = 034614E825FBACBC00CAD931 /* marionView.swift */; };
		034614EE25FBACDB00CAD931 /* cardView.swift in Sources */ = {isa = PBXBuildFile; fileRef = 034614ED25FBACDB00CAD931 /* cardView.swift */; };
		034614F325FBAD0200CAD931 /* PlayerView.swift in Sources */ = {isa = PBXBuildFile; fileRef = 034614F225FBAD0200CAD931 /* PlayerView.swift */; };
		034614F825FBAD2800CAD931 /* PlayerUIView.swift in Sources */ = {isa = PBXBuildFile; fileRef = 034614F725FBAD2800CAD931 /* PlayerUIView.swift */; };
		034614FD25FBAD4000CAD931 /* AboutUs.swift in Sources */ = {isa = PBXBuildFile; fileRef = 034614FC25FBAD4000CAD931 /* AboutUs.swift */; };
		0346150225FBAD6100CAD931 /* MusicView.swift in Sources */ = {isa = PBXBuildFile; fileRef = 0346150125FBAD6100CAD931 /* MusicView.swift */; };
		0346150A25FBAD8700CAD931 /* Sounds.swift in Sources */ = {isa = PBXBuildFile; fileRef = 0346150925FBAD8700CAD931 /* Sounds.swift */; };
		0346151725FBAE6F00CAD931 /* CircleImage.swift in Sources */ = {isa = PBXBuildFile; fileRef = 0346151625FBAE6F00CAD931 /* CircleImage.swift */; };
		0346152225FBB0F600CAD931 /* dickAudio.mp3 in Resources */ = {isa = PBXBuildFile; fileRef = 0346152125FBB0F600CAD931 /* dickAudio.mp3 */; };
		0346152725FBB11000CAD931 /* marionAudio.mp3 in Resources */ = {isa = PBXBuildFile; fileRef = 0346152625FBB11000CAD931 /* marionAudio.mp3 */; };
/* End PBXBuildFile section */

/* Begin PBXContainerItemProxy section */
		034614BA25FBAC4300CAD931 /* PBXContainerItemProxy */ = {
			isa = PBXContainerItemProxy;
			containerPortal = 034614A025FBAC3E00CAD931 /* Project object */;
			proxyType = 1;
			remoteGlobalIDString = 034614A725FBAC3E00CAD931;
			remoteInfo = empathyApp;
		};
		034614C525FBAC4300CAD931 /* PBXContainerItemProxy */ = {
			isa = PBXContainerItemProxy;
			containerPortal = 034614A025FBAC3E00CAD931 /* Project object */;
			proxyType = 1;
			remoteGlobalIDString = 034614A725FBAC3E00CAD931;
			remoteInfo = empathyApp;
		};
/* End PBXContainerItemProxy section */

/* Begin PBXFileReference section */
		034614A825FBAC3E00CAD931 /* empathyApp.app */ = {isa = PBXFileReference; explicitFileType = wrapper.application; includeInIndex = 0; path = empathyApp.app; sourceTree = BUILT_PRODUCTS_DIR; };
		034614AB25FBAC3E00CAD931 /* empathyAppApp.swift */ = {isa = PBXFileReference; lastKnownFileType = sourcecode.swift; path = empathyAppApp.swift; sourceTree = "<group>"; };
		034614AD25FBAC3E00CAD931 /* ContentView.swift */ = {isa = PBXFileReference; lastKnownFileType = sourcecode.swift; path = ContentView.swift; sourceTree = "<group>"; };
		034614AF25FBAC4200CAD931 /* Assets.xcassets */ = {isa = PBXFileReference; lastKnownFileType = folder.assetcatalog; path = Assets.xcassets; sourceTree = "<group>"; };
		034614B225FBAC4200CAD931 /* Preview Assets.xcassets */ = {isa = PBXFileReference; lastKnownFileType = folder.assetcatalog; path = "Preview Assets.xcassets"; sourceTree = "<group>"; };
		034614B425FBAC4200CAD931 /* Info.plist */ = {isa = PBXFileReference; lastKnownFileType = text.plist.xml; path = Info.plist; sourceTree = "<group>"; };
		034614B925FBAC4300CAD931 /* empathyAppTests.xctest */ = {isa = PBXFileReference; explicitFileType = wrapper.cfbundle; includeInIndex = 0; path = empathyAppTests.xctest; sourceTree = BUILT_PRODUCTS_DIR; };
		034614BD25FBAC4300CAD931 /* empathyAppTests.swift */ = {isa = PBXFileReference; lastKnownFileType = sourcecode.swift; path = empathyAppTests.swift; sourceTree = "<group>"; };
		034614BF25FBAC4300CAD931 /* Info.plist */ = {isa = PBXFileReference; lastKnownFileType = text.plist.xml; path = Info.plist; sourceTree = "<group>"; };
		034614C425FBAC4300CAD931 /* empathyAppUITests.xctest */ = {isa = PBXFileReference; explicitFileType = wrapper.cfbundle; includeInIndex = 0; path = empathyAppUITests.xctest; sourceTree = BUILT_PRODUCTS_DIR; };
		034614C825FBAC4300CAD931 /* empathyAppUITests.swift */ = {isa = PBXFileReference; lastKnownFileType = sourcecode.swift; path = empathyAppUITests.swift; sourceTree = "<group>"; };
		034614CA25FBAC4300CAD931 /* Info.plist */ = {isa = PBXFileReference; lastKnownFileType = text.plist.xml; path = Info.plist; sourceTree = "<group>"; };
		034614D925FBAC5800CAD931 /* interviewView.swift */ = {isa = PBXFileReference; lastKnownFileType = sourcecode.swift; path = interviewView.swift; sourceTree = "<group>"; };
		034614DE25FBAC8B00CAD931 /* matthewView.swift */ = {isa = PBXFileReference; lastKnownFileType = sourcecode.swift; path = matthewView.swift; sourceTree = "<group>"; };
		034614E325FBACA300CAD931 /* georgiaView.swift */ = {isa = PBXFileReference; lastKnownFileType = sourcecode.swift; path = georgiaView.swift; sourceTree = "<group>"; };
		034614E825FBACBC00CAD931 /* marionView.swift */ = {isa = PBXFileReference; lastKnownFileType = sourcecode.swift; path = marionView.swift; sourceTree = "<group>"; };
		034614ED25FBACDB00CAD931 /* cardView.swift */ = {isa = PBXFileReference; lastKnownFileType = sourcecode.swift; path = cardView.swift; sourceTree = "<group>"; };
		034614F225FBAD0200CAD931 /* PlayerView.swift */ = {isa = PBXFileReference; lastKnownFileType = sourcecode.swift; path = PlayerView.swift; sourceTree = "<group>"; };
		034614F725FBAD2800CAD931 /* PlayerUIView.swift */ = {isa = PBXFileReference; lastKnownFileType = sourcecode.swift; path = PlayerUIView.swift; sourceTree = "<group>"; };
		034614FC25FBAD4000CAD931 /* AboutUs.swift */ = {isa = PBXFileReference; lastKnownFileType = sourcecode.swift; path = AboutUs.swift; sourceTree = "<group>"; };
		0346150125FBAD6100CAD931 /* MusicView.swift */ = {isa = PBXFileReference; lastKnownFileType = sourcecode.swift; path = MusicView.swift; sourceTree = "<group>"; };
		0346150925FBAD8700CAD931 /* Sounds.swift */ = {isa = PBXFileReference; lastKnownFileType = sourcecode.swift; path = Sounds.swift; sourceTree = "<group>"; };
		0346151625FBAE6F00CAD931 /* CircleImage.swift */ = {isa = PBXFileReference; lastKnownFileType = sourcecode.swift; path = CircleImage.swift; sourceTree = "<group>"; };
		0346152125FBB0F600CAD931 /* dickAudio.mp3 */ = {isa = PBXFileReference; lastKnownFileType = audio.mp3; path = dickAudio.mp3; sourceTree = "<group>"; };
		0346152625FBB11000CAD931 /* marionAudio.mp3 */ = {isa = PBXFileReference; lastKnownFileType = audio.mp3; path = marionAudio.mp3; sourceTree = "<group>"; };
/* End PBXFileReference section */

/* Begin PBXFrameworksBuildPhase section */
		034614A525FBAC3E00CAD931 /* Frameworks */ = {
			isa = PBXFrameworksBuildPhase;
			buildActionMask = 2147483647;
			files = (
			);
			runOnlyForDeploymentPostprocessing = 0;
		};
		034614B625FBAC4300CAD931 /* Frameworks */ = {
			isa = PBXFrameworksBuildPhase;
			buildActionMask = 2147483647;
			files = (
			);
			runOnlyForDeploymentPostprocessing = 0;
		};
		034614C125FBAC4300CAD931 /* Frameworks */ = {
			isa = PBXFrameworksBuildPhase;
			buildActionMask = 2147483647;
			files = (
			);
			runOnlyForDeploymentPostprocessing = 0;
		};
/* End PBXFrameworksBuildPhase section */

/* Begin PBXGroup section */
		0346149F25FBAC3E00CAD931 = {
			isa = PBXGroup;
			children = (
				034614AA25FBAC3E00CAD931 /* empathyApp */,
				034614BC25FBAC4300CAD931 /* empathyAppTests */,
				034614C725FBAC4300CAD931 /* empathyAppUITests */,
				034614A925FBAC3E00CAD931 /* Products */,
			);
			sourceTree = "<group>";
		};
		034614A925FBAC3E00CAD931 /* Products */ = {
			isa = PBXGroup;
			children = (
				034614A825FBAC3E00CAD931 /* empathyApp.app */,
				034614B925FBAC4300CAD931 /* empathyAppTests.xctest */,
				034614C425FBAC4300CAD931 /* empathyAppUITests.xctest */,
			);
			name = Products;
			sourceTree = "<group>";
		};
		034614AA25FBAC3E00CAD931 /* empathyApp */ = {
			isa = PBXGroup;
			children = (
				0346151625FBAE6F00CAD931 /* CircleImage.swift */,
				0346150925FBAD8700CAD931 /* Sounds.swift */,
				0346150125FBAD6100CAD931 /* MusicView.swift */,
				034614FC25FBAD4000CAD931 /* AboutUs.swift */,
				034614F725FBAD2800CAD931 /* PlayerUIView.swift */,
				034614F225FBAD0200CAD931 /* PlayerView.swift */,
				034614AB25FBAC3E00CAD931 /* empathyAppApp.swift */,
				034614AD25FBAC3E00CAD931 /* ContentView.swift */,
				0346152625FBB11000CAD931 /* marionAudio.mp3 */,
				034614DE25FBAC8B00CAD931 /* matthewView.swift */,
				034614E325FBACA300CAD931 /* georgiaView.swift */,
				034614E825FBACBC00CAD931 /* marionView.swift */,
				034614D925FBAC5800CAD931 /* interviewView.swift */,
				034614ED25FBACDB00CAD931 /* cardView.swift */,
				0346152125FBB0F600CAD931 /* dickAudio.mp3 */,
				034614AF25FBAC4200CAD931 /* Assets.xcassets */,
				034614B425FBAC4200CAD931 /* Info.plist */,
				034614B125FBAC4200CAD931 /* Preview Content */,
			);
			path = empathyApp;
			sourceTree = "<group>";
		};
		034614B125FBAC4200CAD931 /* Preview Content */ = {
			isa = PBXGroup;
			children = (
				034614B225FBAC4200CAD931 /* Preview Assets.xcassets */,
			);
			path = "Preview Content";
			sourceTree = "<group>";
		};
		034614BC25FBAC4300CAD931 /* empathyAppTests */ = {
			isa = PBXGroup;
			children = (
				034614BD25FBAC4300CAD931 /* empathyAppTests.swift */,
				034614BF25FBAC4300CAD931 /* Info.plist */,
			);
			path = empathyAppTests;
			sourceTree = "<group>";
		};
		034614C725FBAC4300CAD931 /* empathyAppUITests */ = {
			isa = PBXGroup;
			children = (
				034614C825FBAC4300CAD931 /* empathyAppUITests.swift */,
				034614CA25FBAC4300CAD931 /* Info.plist */,
			);
			path = empathyAppUITests;
			sourceTree = "<group>";
		};
/* End PBXGroup section */

/* Begin PBXNativeTarget section */
		034614A725FBAC3E00CAD931 /* empathyApp */ = {
			isa = PBXNativeTarget;
			buildConfigurationList = 034614CD25FBAC4300CAD931 /* Build configuration list for PBXNativeTarget "empathyApp" */;
			buildPhases = (
				034614A425FBAC3E00CAD931 /* Sources */,
				034614A525FBAC3E00CAD931 /* Frameworks */,
				034614A625FBAC3E00CAD931 /* Resources */,
			);
			buildRules = (
			);
			dependencies = (
			);
			name = empathyApp;
			productName = empathyApp;
			productReference = 034614A825FBAC3E00CAD931 /* empathyApp.app */;
			productType = "com.apple.product-type.application";
		};
		034614B825FBAC4300CAD931 /* empathyAppTests */ = {
			isa = PBXNativeTarget;
			buildConfigurationList = 034614D025FBAC4300CAD931 /* Build configuration list for PBXNativeTarget "empathyAppTests" */;
			buildPhases = (
				034614B525FBAC4300CAD931 /* Sources */,
				034614B625FBAC4300CAD931 /* Frameworks */,
				034614B725FBAC4300CAD931 /* Resources */,
			);
			buildRules = (
			);
			dependencies = (
				034614BB25FBAC4300CAD931 /* PBXTargetDependency */,
			);
			name = empathyAppTests;
			productName = empathyAppTests;
			productReference = 034614B925FBAC4300CAD931 /* empathyAppTests.xctest */;
			productType = "com.apple.product-type.bundle.unit-test";
		};
		034614C325FBAC4300CAD931 /* empathyAppUITests */ = {
			isa = PBXNativeTarget;
			buildConfigurationList = 034614D325FBAC4300CAD931 /* Build configuration list for PBXNativeTarget "empathyAppUITests" */;
			buildPhases = (
				034614C025FBAC4300CAD931 /* Sources */,
				034614C125FBAC4300CAD931 /* Frameworks */,
				034614C225FBAC4300CAD931 /* Resources */,
			);
			buildRules = (
			);
			dependencies = (
				034614C625FBAC4300CAD931 /* PBXTargetDependency */,
			);
			name = empathyAppUITests;
			productName = empathyAppUITests;
			productReference = 034614C425FBAC4300CAD931 /* empathyAppUITests.xctest */;
			productType = "com.apple.product-type.bundle.ui-testing";
		};
/* End PBXNativeTarget section */

/* Begin PBXProject section */
		034614A025FBAC3E00CAD931 /* Project object */ = {
			isa = PBXProject;
			attributes = {
				LastSwiftUpdateCheck = 1240;
				LastUpgradeCheck = 1240;
				TargetAttributes = {
					034614A725FBAC3E00CAD931 = {
						CreatedOnToolsVersion = 12.4;
					};
					034614B825FBAC4300CAD931 = {
						CreatedOnToolsVersion = 12.4;
						TestTargetID = 034614A725FBAC3E00CAD931;
					};
					034614C325FBAC4300CAD931 = {
						CreatedOnToolsVersion = 12.4;
						TestTargetID = 034614A725FBAC3E00CAD931;
					};
				};
			};
			buildConfigurationList = 034614A325FBAC3E00CAD931 /* Build configuration list for PBXProject "empathyApp" */;
			compatibilityVersion = "Xcode 9.3";
			developmentRegion = en;
			hasScannedForEncodings = 0;
			knownRegions = (
				en,
				Base,
			);
			mainGroup = 0346149F25FBAC3E00CAD931;
			productRefGroup = 034614A925FBAC3E00CAD931 /* Products */;
			projectDirPath = "";
			projectRoot = "";
			targets = (
				034614A725FBAC3E00CAD931 /* empathyApp */,
				034614B825FBAC4300CAD931 /* empathyAppTests */,
				034614C325FBAC4300CAD931 /* empathyAppUITests */,
			);
		};
/* End PBXProject section */

/* Begin PBXResourcesBuildPhase section */
		034614A625FBAC3E00CAD931 /* Resources */ = {
			isa = PBXResourcesBuildPhase;
			buildActionMask = 2147483647;
			files = (
				034614B325FBAC4200CAD931 /* Preview Assets.xcassets in Resources */,
				0346152725FBB11000CAD931 /* marionAudio.mp3 in Resources */,
				034614B025FBAC4200CAD931 /* Assets.xcassets in Resources */,
				0346152225FBB0F600CAD931 /* dickAudio.mp3 in Resources */,
			);
			runOnlyForDeploymentPostprocessing = 0;
		};
		034614B725FBAC4300CAD931 /* Resources */ = {
			isa = PBXResourcesBuildPhase;
			buildActionMask = 2147483647;
			files = (
			);
			runOnlyForDeploymentPostprocessing = 0;
		};
		034614C225FBAC4300CAD931 /* Resources */ = {
			isa = PBXResourcesBuildPhase;
			buildActionMask = 2147483647;
			files = (
			);
			runOnlyForDeploymentPostprocessing = 0;
		};
/* End PBXResourcesBuildPhase section */

/* Begin PBXSourcesBuildPhase section */
		034614A425FBAC3E00CAD931 /* Sources */ = {
			isa = PBXSourcesBuildPhase;
			buildActionMask = 2147483647;
			files = (
				034614E925FBACBC00CAD931 /* marionView.swift in Sources */,
				034614EE25FBACDB00CAD931 /* cardView.swift in Sources */,
				034614DA25FBAC5800CAD931 /* interviewView.swift in Sources */,
				0346151725FBAE6F00CAD931 /* CircleImage.swift in Sources */,
				0346150A25FBAD8700CAD931 /* Sounds.swift in Sources */,
				0346150225FBAD6100CAD931 /* MusicView.swift in Sources */,
				034614F325FBAD0200CAD931 /* PlayerView.swift in Sources */,
				034614E425FBACA300CAD931 /* georgiaView.swift in Sources */,
				034614DF25FBAC8B00CAD931 /* matthewView.swift in Sources */,
				034614AE25FBAC3E00CAD931 /* ContentView.swift in Sources */,
				034614FD25FBAD4000CAD931 /* AboutUs.swift in Sources */,
				034614AC25FBAC3E00CAD931 /* empathyAppApp.swift in Sources */,
				034614F825FBAD2800CAD931 /* PlayerUIView.swift in Sources */,
			);
			runOnlyForDeploymentPostprocessing = 0;
		};
		034614B525FBAC4300CAD931 /* Sources */ = {
			isa = PBXSourcesBuildPhase;
			buildActionMask = 2147483647;
			files = (
				034614BE25FBAC4300CAD931 /* empathyAppTests.swift in Sources */,
			);
			runOnlyForDeploymentPostprocessing = 0;
		};
		034614C025FBAC4300CAD931 /* Sources */ = {
			isa = PBXSourcesBuildPhase;
			buildActionMask = 2147483647;
			files = (
				034614C925FBAC4300CAD931 /* empathyAppUITests.swift in Sources */,
			);
			runOnlyForDeploymentPostprocessing = 0;
		};
/* End PBXSourcesBuildPhase section */

/* Begin PBXTargetDependency section */
		034614BB25FBAC4300CAD931 /* PBXTargetDependency */ = {
			isa = PBXTargetDependency;
			target = 034614A725FBAC3E00CAD931 /* empathyApp */;
			targetProxy = 034614BA25FBAC4300CAD931 /* PBXContainerItemProxy */;
		};
		034614C625FBAC4300CAD931 /* PBXTargetDependency */ = {
			isa = PBXTargetDependency;
			target = 034614A725FBAC3E00CAD931 /* empathyApp */;
			targetProxy = 034614C525FBAC4300CAD931 /* PBXContainerItemProxy */;
		};
/* End PBXTargetDependency section */

/* Begin XCBuildConfiguration section */
		034614CB25FBAC4300CAD931 /* Debug */ = {
			isa = XCBuildConfiguration;
			buildSettings = {
				ALWAYS_SEARCH_USER_PATHS = NO;
				CLANG_ANALYZER_NONNULL = YES;
				CLANG_ANALYZER_NUMBER_OBJECT_CONVERSION = YES_AGGRESSIVE;
				CLANG_CXX_LANGUAGE_STANDARD = "gnu++14";
				CLANG_CXX_LIBRARY = "libc++";
				CLANG_ENABLE_MODULES = YES;
				CLANG_ENABLE_OBJC_ARC = YES;
				CLANG_ENABLE_OBJC_WEAK = YES;
				CLANG_WARN_BLOCK_CAPTURE_AUTORELEASING = YES;
				CLANG_WARN_BOOL_CONVERSION = YES;
				CLANG_WARN_COMMA = YES;
				CLANG_WARN_CONSTANT_CONVERSION = YES;
				CLANG_WARN_DEPRECATED_OBJC_IMPLEMENTATIONS = YES;
				CLANG_WARN_DIRECT_OBJC_ISA_USAGE = YES_ERROR;
				CLANG_WARN_DOCUMENTATION_COMMENTS = YES;
				CLANG_WARN_EMPTY_BODY = YES;
				CLANG_WARN_ENUM_CONVERSION = YES;
				CLANG_WARN_INFINITE_RECURSION = YES;
				CLANG_WARN_INT_CONVERSION = YES;
				CLANG_WARN_NON_LITERAL_NULL_CONVERSION = YES;
				CLANG_WARN_OBJC_IMPLICIT_RETAIN_SELF = YES;
				CLANG_WARN_OBJC_LITERAL_CONVERSION = YES;
				CLANG_WARN_OBJC_ROOT_CLASS = YES_ERROR;
				CLANG_WARN_QUOTED_INCLUDE_IN_FRAMEWORK_HEADER = YES;
				CLANG_WARN_RANGE_LOOP_ANALYSIS = YES;
				CLANG_WARN_STRICT_PROTOTYPES = YES;
				CLANG_WARN_SUSPICIOUS_MOVE = YES;
				CLANG_WARN_UNGUARDED_AVAILABILITY = YES_AGGRESSIVE;
				CLANG_WARN_UNREACHABLE_CODE = YES;
				CLANG_WARN__DUPLICATE_METHOD_MATCH = YES;
				COPY_PHASE_STRIP = NO;
				DEBUG_INFORMATION_FORMAT = dwarf;
				ENABLE_STRICT_OBJC_MSGSEND = YES;
				ENABLE_TESTABILITY = YES;
				GCC_C_LANGUAGE_STANDARD = gnu11;
				GCC_DYNAMIC_NO_PIC = NO;
				GCC_NO_COMMON_BLOCKS = YES;
				GCC_OPTIMIZATION_LEVEL = 0;
				GCC_PREPROCESSOR_DEFINITIONS = (
					"DEBUG=1",
					"$(inherited)",
				);
				GCC_WARN_64_TO_32_BIT_CONVERSION = YES;
				GCC_WARN_ABOUT_RETURN_TYPE = YES_ERROR;
				GCC_WARN_UNDECLARED_SELECTOR = YES;
				GCC_WARN_UNINITIALIZED_AUTOS = YES_AGGRESSIVE;
				GCC_WARN_UNUSED_FUNCTION = YES;
				GCC_WARN_UNUSED_VARIABLE = YES;
				IPHONEOS_DEPLOYMENT_TARGET = 14.4;
				MTL_ENABLE_DEBUG_INFO = INCLUDE_SOURCE;
				MTL_FAST_MATH = YES;
				ONLY_ACTIVE_ARCH = YES;
				SDKROOT = iphoneos;
				SWIFT_ACTIVE_COMPILATION_CONDITIONS = DEBUG;
				SWIFT_OPTIMIZATION_LEVEL = "-Onone";
			};
			name = Debug;
		};
		034614CC25FBAC4300CAD931 /* Release */ = {
			isa = XCBuildConfiguration;
			buildSettings = {
				ALWAYS_SEARCH_USER_PATHS = NO;
				CLANG_ANALYZER_NONNULL = YES;
				CLANG_ANALYZER_NUMBER_OBJECT_CONVERSION = YES_AGGRESSIVE;
				CLANG_CXX_LANGUAGE_STANDARD = "gnu++14";
				CLANG_CXX_LIBRARY = "libc++";
				CLANG_ENABLE_MODULES = YES;
				CLANG_ENABLE_OBJC_ARC = YES;
				CLANG_ENABLE_OBJC_WEAK = YES;
				CLANG_WARN_BLOCK_CAPTURE_AUTORELEASING = YES;
				CLANG_WARN_BOOL_CONVERSION = YES;
				CLANG_WARN_COMMA = YES;
				CLANG_WARN_CONSTANT_CONVERSION = YES;
				CLANG_WARN_DEPRECATED_OBJC_IMPLEMENTATIONS = YES;
				CLANG_WARN_DIRECT_OBJC_ISA_USAGE = YES_ERROR;
				CLANG_WARN_DOCUMENTATION_COMMENTS = YES;
				CLANG_WARN_EMPTY_BODY = YES;
				CLANG_WARN_ENUM_CONVERSION = YES;
				CLANG_WARN_INFINITE_RECURSION = YES;
				CLANG_WARN_INT_CONVERSION = YES;
				CLANG_WARN_NON_LITERAL_NULL_CONVERSION = YES;
				CLANG_WARN_OBJC_IMPLICIT_RETAIN_SELF = YES;
				CLANG_WARN_OBJC_LITERAL_CONVERSION = YES;
				CLANG_WARN_OBJC_ROOT_CLASS = YES_ERROR;
				CLANG_WARN_QUOTED_INCLUDE_IN_FRAMEWORK_HEADER = YES;
				CLANG_WARN_RANGE_LOOP_ANALYSIS = YES;
				CLANG_WARN_STRICT_PROTOTYPES = YES;
				CLANG_WARN_SUSPICIOUS_MOVE = YES;
				CLANG_WARN_UNGUARDED_AVAILABILITY = YES_AGGRESSIVE;
				CLANG_WARN_UNREACHABLE_CODE = YES;
				CLANG_WARN__DUPLICATE_METHOD_MATCH = YES;
				COPY_PHASE_STRIP = NO;
				DEBUG_INFORMATION_FORMAT = "dwarf-with-dsym";
				ENABLE_NS_ASSERTIONS = NO;
				ENABLE_STRICT_OBJC_MSGSEND = YES;
				GCC_C_LANGUAGE_STANDARD = gnu11;
				GCC_NO_COMMON_BLOCKS = YES;
				GCC_WARN_64_TO_32_BIT_CONVERSION = YES;
				GCC_WARN_ABOUT_RETURN_TYPE = YES_ERROR;
				GCC_WARN_UNDECLARED_SELECTOR = YES;
				GCC_WARN_UNINITIALIZED_AUTOS = YES_AGGRESSIVE;
				GCC_WARN_UNUSED_FUNCTION = YES;
				GCC_WARN_UNUSED_VARIABLE = YES;
				IPHONEOS_DEPLOYMENT_TARGET = 14.4;
				MTL_ENABLE_DEBUG_INFO = NO;
				MTL_FAST_MATH = YES;
				SDKROOT = iphoneos;
				SWIFT_COMPILATION_MODE = wholemodule;
				SWIFT_OPTIMIZATION_LEVEL = "-O";
				VALIDATE_PRODUCT = YES;
			};
			name = Release;
		};
		034614CE25FBAC4300CAD931 /* Debug */ = {
			isa = XCBuildConfiguration;
			buildSettings = {
				ASSETCATALOG_COMPILER_APPICON_NAME = AppIcon;
				ASSETCATALOG_COMPILER_GLOBAL_ACCENT_COLOR_NAME = AccentColor;
				CODE_SIGN_STYLE = Automatic;
				DEVELOPMENT_ASSET_PATHS = "\"empathyApp/Preview Content\"";
				DEVELOPMENT_TEAM = 82897J554D;
				ENABLE_PREVIEWS = YES;
				INFOPLIST_FILE = empathyApp/Info.plist;
				IPHONEOS_DEPLOYMENT_TARGET = 14.0;
				LD_RUNPATH_SEARCH_PATHS = (
					"$(inherited)",
					"@executable_path/Frameworks",
				);
				PRODUCT_BUNDLE_IDENTIFIER = github.empathyApp;
				PRODUCT_NAME = "$(TARGET_NAME)";
				SWIFT_VERSION = 5.0;
				TARGETED_DEVICE_FAMILY = "1,2";
			};
			name = Debug;
		};
		034614CF25FBAC4300CAD931 /* Release */ = {
			isa = XCBuildConfiguration;
			buildSettings = {
				ASSETCATALOG_COMPILER_APPICON_NAME = AppIcon;
				ASSETCATALOG_COMPILER_GLOBAL_ACCENT_COLOR_NAME = AccentColor;
				CODE_SIGN_STYLE = Automatic;
				DEVELOPMENT_ASSET_PATHS = "\"empathyApp/Preview Content\"";
				DEVELOPMENT_TEAM = 82897J554D;
				ENABLE_PREVIEWS = YES;
				INFOPLIST_FILE = empathyApp/Info.plist;
				IPHONEOS_DEPLOYMENT_TARGET = 14.0;
				LD_RUNPATH_SEARCH_PATHS = (
					"$(inherited)",
					"@executable_path/Frameworks",
				);
				PRODUCT_BUNDLE_IDENTIFIER = github.empathyApp;
				PRODUCT_NAME = "$(TARGET_NAME)";
				SWIFT_VERSION = 5.0;
				TARGETED_DEVICE_FAMILY = "1,2";
			};
			name = Release;
		};
		034614D125FBAC4300CAD931 /* Debug */ = {
			isa = XCBuildConfiguration;
			buildSettings = {
				ALWAYS_EMBED_SWIFT_STANDARD_LIBRARIES = YES;
				BUNDLE_LOADER = "$(TEST_HOST)";
				CODE_SIGN_STYLE = Automatic;
				DEVELOPMENT_TEAM = 82897J554D;
				INFOPLIST_FILE = empathyAppTests/Info.plist;
				IPHONEOS_DEPLOYMENT_TARGET = 14.0;
				LD_RUNPATH_SEARCH_PATHS = (
					"$(inherited)",
					"@executable_path/Frameworks",
					"@loader_path/Frameworks",
				);
				PRODUCT_BUNDLE_IDENTIFIER = github.empathyAppTests;
				PRODUCT_NAME = "$(TARGET_NAME)";
				SWIFT_VERSION = 5.0;
				TARGETED_DEVICE_FAMILY = "1,2";
				TEST_HOST = "$(BUILT_PRODUCTS_DIR)/empathyApp.app/empathyApp";
			};
			name = Debug;
		};
		034614D225FBAC4300CAD931 /* Release */ = {
			isa = XCBuildConfiguration;
			buildSettings = {
				ALWAYS_EMBED_SWIFT_STANDARD_LIBRARIES = YES;
				BUNDLE_LOADER = "$(TEST_HOST)";
				CODE_SIGN_STYLE = Automatic;
				DEVELOPMENT_TEAM = 82897J554D;
				INFOPLIST_FILE = empathyAppTests/Info.plist;
				IPHONEOS_DEPLOYMENT_TARGET = 14.0;
				LD_RUNPATH_SEARCH_PATHS = (
					"$(inherited)",
					"@executable_path/Frameworks",
					"@loader_path/Frameworks",
				);
				PRODUCT_BUNDLE_IDENTIFIER = github.empathyAppTests;
				PRODUCT_NAME = "$(TARGET_NAME)";
				SWIFT_VERSION = 5.0;
				TARGETED_DEVICE_FAMILY = "1,2";
				TEST_HOST = "$(BUILT_PRODUCTS_DIR)/empathyApp.app/empathyApp";
			};
			name = Release;
		};
		034614D425FBAC4300CAD931 /* Debug */ = {
			isa = XCBuildConfiguration;
			buildSettings = {
				ALWAYS_EMBED_SWIFT_STANDARD_LIBRARIES = YES;
				CODE_SIGN_STYLE = Automatic;
				DEVELOPMENT_TEAM = 82897J554D;
				INFOPLIST_FILE = empathyAppUITests/Info.plist;
				LD_RUNPATH_SEARCH_PATHS = (
					"$(inherited)",
					"@executable_path/Frameworks",
					"@loader_path/Frameworks",
				);
				PRODUCT_BUNDLE_IDENTIFIER = github.empathyAppUITests;
				PRODUCT_NAME = "$(TARGET_NAME)";
				SWIFT_VERSION = 5.0;
				TARGETED_DEVICE_FAMILY = "1,2";
				TEST_TARGET_NAME = empathyApp;
			};
			name = Debug;
		};
		034614D525FBAC4300CAD931 /* Release */ = {
			isa = XCBuildConfiguration;
			buildSettings = {
				ALWAYS_EMBED_SWIFT_STANDARD_LIBRARIES = YES;
				CODE_SIGN_STYLE = Automatic;
				DEVELOPMENT_TEAM = 82897J554D;
				INFOPLIST_FILE = empathyAppUITests/Info.plist;
				LD_RUNPATH_SEARCH_PATHS = (
					"$(inherited)",
					"@executable_path/Frameworks",
					"@loader_path/Frameworks",
				);
				PRODUCT_BUNDLE_IDENTIFIER = github.empathyAppUITests;
				PRODUCT_NAME = "$(TARGET_NAME)";
				SWIFT_VERSION = 5.0;
				TARGETED_DEVICE_FAMILY = "1,2";
				TEST_TARGET_NAME = empathyApp;
			};
			name = Release;
		};
/* End XCBuildConfiguration section */

/* Begin XCConfigurationList section */
		034614A325FBAC3E00CAD931 /* Build configuration list for PBXProject "empathyApp" */ = {
			isa = XCConfigurationList;
			buildConfigurations = (
				034614CB25FBAC4300CAD931 /* Debug */,
				034614CC25FBAC4300CAD931 /* Release */,
			);
			defaultConfigurationIsVisible = 0;
			defaultConfigurationName = Release;
		};
		034614CD25FBAC4300CAD931 /* Build configuration list for PBXNativeTarget "empathyApp" */ = {
			isa = XCConfigurationList;
			buildConfigurations = (
				034614CE25FBAC4300CAD931 /* Debug */,
				034614CF25FBAC4300CAD931 /* Release */,
			);
			defaultConfigurationIsVisible = 0;
			defaultConfigurationName = Release;
		};
		034614D025FBAC4300CAD931 /* Build configuration list for PBXNativeTarget "empathyAppTests" */ = {
			isa = XCConfigurationList;
			buildConfigurations = (
				034614D125FBAC4300CAD931 /* Debug */,
				034614D225FBAC4300CAD931 /* Release */,
			);
			defaultConfigurationIsVisible = 0;
			defaultConfigurationName = Release;
		};
		034614D325FBAC4300CAD931 /* Build configuration list for PBXNativeTarget "empathyAppUITests" */ = {
			isa = XCConfigurationList;
			buildConfigurations = (
				034614D425FBAC4300CAD931 /* Debug */,
				034614D525FBAC4300CAD931 /* Release */,
			);
			defaultConfigurationIsVisible = 0;
			defaultConfigurationName = Release;
		};
/* End XCConfigurationList section */
	};
	rootObject = 034614A025FBAC3E00CAD931 /* Project object */;
}
